// !$*UTF8*$!
{
	archiveVersion = 1;
	classes = {
	};
	objectVersion = 56;
	objects = {

/* Begin PBXBuildFile section */
		34AB4E6E2CAA6C710050FE42 /* GroceryAppApp.swift in Sources */ = {isa = PBXBuildFile; fileRef = 34AB4E6D2CAA6C710050FE42 /* GroceryAppApp.swift */; };
		34AB4E702CAA6C710050FE42 /* ContentView.swift in Sources */ = {isa = PBXBuildFile; fileRef = 34AB4E6F2CAA6C710050FE42 /* ContentView.swift */; };
		34AB4E722CAA6C720050FE42 /* Assets.xcassets in Resources */ = {isa = PBXBuildFile; fileRef = 34AB4E712CAA6C720050FE42 /* Assets.xcassets */; };
		34AB4E752CAA6C720050FE42 /* Preview Assets.xcassets in Resources */ = {isa = PBXBuildFile; fileRef = 34AB4E742CAA6C720050FE42 /* Preview Assets.xcassets */; };
		34AB4E7F2CAA6C720050FE42 /* GroceryAppTests.swift in Sources */ = {isa = PBXBuildFile; fileRef = 34AB4E7E2CAA6C720050FE42 /* GroceryAppTests.swift */; };
		34AB4E892CAA6C720050FE42 /* GroceryAppUITests.swift in Sources */ = {isa = PBXBuildFile; fileRef = 34AB4E882CAA6C720050FE42 /* GroceryAppUITests.swift */; };
		34AB4E8B2CAA6C720050FE42 /* GroceryAppUITestsLaunchTests.swift in Sources */ = {isa = PBXBuildFile; fileRef = 34AB4E8A2CAA6C720050FE42 /* GroceryAppUITestsLaunchTests.swift */; };
		34F292E42CAD1C6A000EFB14 /* FruitItem.swift in Sources */ = {isa = PBXBuildFile; fileRef = 34F292E32CAD1C6A000EFB14 /* FruitItem.swift */; };
		34F292E62CAD1C8A000EFB14 /* HomeView.swift in Sources */ = {isa = PBXBuildFile; fileRef = 34F292E52CAD1C8A000EFB14 /* HomeView.swift */; };
		34F292E82CAD1CAB000EFB14 /* MyListView.swift in Sources */ = {isa = PBXBuildFile; fileRef = 34F292E72CAD1CAB000EFB14 /* MyListView.swift */; };
		34F292EA2CAD1CC4000EFB14 /* ItemSelectionView.swift in Sources */ = {isa = PBXBuildFile; fileRef = 34F292E92CAD1CC4000EFB14 /* ItemSelectionView.swift */; };
		34F292EC2CAD1CE3000EFB14 /* FruitItemsView.swift in Sources */ = {isa = PBXBuildFile; fileRef = 34F292EB2CAD1CE3000EFB14 /* FruitItemsView.swift */; };
		34F292EE2CAD1CFF000EFB14 /* SampleData.swift in Sources */ = {isa = PBXBuildFile; fileRef = 34F292ED2CAD1CFF000EFB14 /* SampleData.swift */; };
		34F292F02CAD1D18000EFB14 /* BasketManager.swift in Sources */ = {isa = PBXBuildFile; fileRef = 34F292EF2CAD1D18000EFB14 /* BasketManager.swift */; };
		34F292F22CAD1D3D000EFB14 /* ListModel.swift in Sources */ = {isa = PBXBuildFile; fileRef = 34F292F12CAD1D3D000EFB14 /* ListModel.swift */; };
		34F292F42CAD1D59000EFB14 /* BasketSheetView.swift in Sources */ = {isa = PBXBuildFile; fileRef = 34F292F32CAD1D59000EFB14 /* BasketSheetView.swift */; };
		34F292F62CAD1D74000EFB14 /* plans.swift in Sources */ = {isa = PBXBuildFile; fileRef = 34F292F52CAD1D74000EFB14 /* plans.swift */; };
		34F292F82CAD1D90000EFB14 /* CategoryCard.swift in Sources */ = {isa = PBXBuildFile; fileRef = 34F292F72CAD1D90000EFB14 /* CategoryCard.swift */; };
		34F292FA2CAD1DA8000EFB14 /* ListDetailView.swift in Sources */ = {isa = PBXBuildFile; fileRef = 34F292F92CAD1DA8000EFB14 /* ListDetailView.swift */; };
		34F292FC2CAD1DD8000EFB14 /* BudgetEntrySheet.swift in Sources */ = {isa = PBXBuildFile; fileRef = 34F292FB2CAD1DD8000EFB14 /* BudgetEntrySheet.swift */; };
		34F292FE2CAD1DF3000EFB14 /* PlanDetailSheet.swift in Sources */ = {isa = PBXBuildFile; fileRef = 34F292FD2CAD1DF3000EFB14 /* PlanDetailSheet.swift */; };
		34F293002CAD1E0D000EFB14 /* PlanManager.swift in Sources */ = {isa = PBXBuildFile; fileRef = 34F292FF2CAD1E0D000EFB14 /* PlanManager.swift */; };
		34F293022CAD1E4A000EFB14 /* SavedPlansView.swift in Sources */ = {isa = PBXBuildFile; fileRef = 34F293012CAD1E4A000EFB14 /* SavedPlansView.swift */; };
/* End PBXBuildFile section */

/* Begin PBXContainerItemProxy section */
		34AB4E7B2CAA6C720050FE42 /* PBXContainerItemProxy */ = {
			isa = PBXContainerItemProxy;
			containerPortal = 34AB4E622CAA6C710050FE42 /* Project object */;
			proxyType = 1;
			remoteGlobalIDString = 34AB4E692CAA6C710050FE42;
			remoteInfo = GroceryApp;
		};
		34AB4E852CAA6C720050FE42 /* PBXContainerItemProxy */ = {
			isa = PBXContainerItemProxy;
			containerPortal = 34AB4E622CAA6C710050FE42 /* Project object */;
			proxyType = 1;
			remoteGlobalIDString = 34AB4E692CAA6C710050FE42;
			remoteInfo = GroceryApp;
		};
/* End PBXContainerItemProxy section */

/* Begin PBXFileReference section */
		34AB4E6A2CAA6C710050FE42 /* GroceryApp.app */ = {isa = PBXFileReference; explicitFileType = wrapper.application; includeInIndex = 0; path = GroceryApp.app; sourceTree = BUILT_PRODUCTS_DIR; };
		34AB4E6D2CAA6C710050FE42 /* GroceryAppApp.swift */ = {isa = PBXFileReference; lastKnownFileType = sourcecode.swift; path = GroceryAppApp.swift; sourceTree = "<group>"; };
		34AB4E6F2CAA6C710050FE42 /* ContentView.swift */ = {isa = PBXFileReference; lastKnownFileType = sourcecode.swift; path = ContentView.swift; sourceTree = "<group>"; };
		34AB4E712CAA6C720050FE42 /* Assets.xcassets */ = {isa = PBXFileReference; lastKnownFileType = folder.assetcatalog; path = Assets.xcassets; sourceTree = "<group>"; };
		34AB4E742CAA6C720050FE42 /* Preview Assets.xcassets */ = {isa = PBXFileReference; lastKnownFileType = folder.assetcatalog; path = "Preview Assets.xcassets"; sourceTree = "<group>"; };
		34AB4E7A2CAA6C720050FE42 /* GroceryAppTests.xctest */ = {isa = PBXFileReference; explicitFileType = wrapper.cfbundle; includeInIndex = 0; path = GroceryAppTests.xctest; sourceTree = BUILT_PRODUCTS_DIR; };
		34AB4E7E2CAA6C720050FE42 /* GroceryAppTests.swift */ = {isa = PBXFileReference; lastKnownFileType = sourcecode.swift; path = GroceryAppTests.swift; sourceTree = "<group>"; };
		34AB4E842CAA6C720050FE42 /* GroceryAppUITests.xctest */ = {isa = PBXFileReference; explicitFileType = wrapper.cfbundle; includeInIndex = 0; path = GroceryAppUITests.xctest; sourceTree = BUILT_PRODUCTS_DIR; };
		34AB4E882CAA6C720050FE42 /* GroceryAppUITests.swift */ = {isa = PBXFileReference; lastKnownFileType = sourcecode.swift; path = GroceryAppUITests.swift; sourceTree = "<group>"; };
		34AB4E8A2CAA6C720050FE42 /* GroceryAppUITestsLaunchTests.swift */ = {isa = PBXFileReference; lastKnownFileType = sourcecode.swift; path = GroceryAppUITestsLaunchTests.swift; sourceTree = "<group>"; };
		34F292E32CAD1C6A000EFB14 /* FruitItem.swift */ = {isa = PBXFileReference; lastKnownFileType = sourcecode.swift; path = FruitItem.swift; sourceTree = "<group>"; };
		34F292E52CAD1C8A000EFB14 /* HomeView.swift */ = {isa = PBXFileReference; lastKnownFileType = sourcecode.swift; path = HomeView.swift; sourceTree = "<group>"; };
		34F292E72CAD1CAB000EFB14 /* MyListView.swift */ = {isa = PBXFileReference; lastKnownFileType = sourcecode.swift; path = MyListView.swift; sourceTree = "<group>"; };
		34F292E92CAD1CC4000EFB14 /* ItemSelectionView.swift */ = {isa = PBXFileReference; lastKnownFileType = sourcecode.swift; path = ItemSelectionView.swift; sourceTree = "<group>"; };
		34F292EB2CAD1CE3000EFB14 /* FruitItemsView.swift */ = {isa = PBXFileReference; lastKnownFileType = sourcecode.swift; path = FruitItemsView.swift; sourceTree = "<group>"; };
		34F292ED2CAD1CFF000EFB14 /* SampleData.swift */ = {isa = PBXFileReference; lastKnownFileType = sourcecode.swift; path = SampleData.swift; sourceTree = "<group>"; };
		34F292EF2CAD1D18000EFB14 /* BasketManager.swift */ = {isa = PBXFileReference; lastKnownFileType = sourcecode.swift; path = BasketManager.swift; sourceTree = "<group>"; };
		34F292F12CAD1D3D000EFB14 /* ListModel.swift */ = {isa = PBXFileReference; lastKnownFileType = sourcecode.swift; path = ListModel.swift; sourceTree = "<group>"; };
		34F292F32CAD1D59000EFB14 /* BasketSheetView.swift */ = {isa = PBXFileReference; lastKnownFileType = sourcecode.swift; path = BasketSheetView.swift; sourceTree = "<group>"; };
		34F292F52CAD1D74000EFB14 /* plans.swift */ = {isa = PBXFileReference; lastKnownFileType = sourcecode.swift; path = plans.swift; sourceTree = "<group>"; };
		34F292F72CAD1D90000EFB14 /* CategoryCard.swift */ = {isa = PBXFileReference; lastKnownFileType = sourcecode.swift; path = CategoryCard.swift; sourceTree = "<group>"; };
		34F292F92CAD1DA8000EFB14 /* ListDetailView.swift */ = {isa = PBXFileReference; lastKnownFileType = sourcecode.swift; path = ListDetailView.swift; sourceTree = "<group>"; };
		34F292FB2CAD1DD8000EFB14 /* BudgetEntrySheet.swift */ = {isa = PBXFileReference; lastKnownFileType = sourcecode.swift; path = BudgetEntrySheet.swift; sourceTree = "<group>"; };
		34F292FD2CAD1DF3000EFB14 /* PlanDetailSheet.swift */ = {isa = PBXFileReference; lastKnownFileType = sourcecode.swift; path = PlanDetailSheet.swift; sourceTree = "<group>"; };
		34F292FF2CAD1E0D000EFB14 /* PlanManager.swift */ = {isa = PBXFileReference; lastKnownFileType = sourcecode.swift; path = PlanManager.swift; sourceTree = "<group>"; };
		34F293012CAD1E4A000EFB14 /* SavedPlansView.swift */ = {isa = PBXFileReference; lastKnownFileType = sourcecode.swift; path = SavedPlansView.swift; sourceTree = "<group>"; };
/* End PBXFileReference section */

/* Begin PBXFrameworksBuildPhase section */
		34AB4E672CAA6C710050FE42 /* Frameworks */ = {
			isa = PBXFrameworksBuildPhase;
			buildActionMask = 2147483647;
			files = (
			);
			runOnlyForDeploymentPostprocessing = 0;
		};
		34AB4E772CAA6C720050FE42 /* Frameworks */ = {
			isa = PBXFrameworksBuildPhase;
			buildActionMask = 2147483647;
			files = (
			);
			runOnlyForDeploymentPostprocessing = 0;
		};
		34AB4E812CAA6C720050FE42 /* Frameworks */ = {
			isa = PBXFrameworksBuildPhase;
			buildActionMask = 2147483647;
			files = (
			);
			runOnlyForDeploymentPostprocessing = 0;
		};
/* End PBXFrameworksBuildPhase section */

/* Begin PBXGroup section */
		34AB4E612CAA6C710050FE42 = {
			isa = PBXGroup;
			children = (
				34AB4E6C2CAA6C710050FE42 /* GroceryApp */,
				34AB4E7D2CAA6C720050FE42 /* GroceryAppTests */,
				34AB4E872CAA6C720050FE42 /* GroceryAppUITests */,
				34AB4E6B2CAA6C710050FE42 /* Products */,
			);
			sourceTree = "<group>";
		};
		34AB4E6B2CAA6C710050FE42 /* Products */ = {
			isa = PBXGroup;
			children = (
				34AB4E6A2CAA6C710050FE42 /* GroceryApp.app */,
				34AB4E7A2CAA6C720050FE42 /* GroceryAppTests.xctest */,
				34AB4E842CAA6C720050FE42 /* GroceryAppUITests.xctest */,
			);
			name = Products;
			sourceTree = "<group>";
		};
		34AB4E6C2CAA6C710050FE42 /* GroceryApp */ = {
			isa = PBXGroup;
			children = (
				34AB4E6D2CAA6C710050FE42 /* GroceryAppApp.swift */,
				34AB4E6F2CAA6C710050FE42 /* ContentView.swift */,
				34AB4E712CAA6C720050FE42 /* Assets.xcassets */,
				34AB4E732CAA6C720050FE42 /* Preview Content */,
				34F292E32CAD1C6A000EFB14 /* FruitItem.swift */,
				34F292E52CAD1C8A000EFB14 /* HomeView.swift */,
				34F292E72CAD1CAB000EFB14 /* MyListView.swift */,
				34F292E92CAD1CC4000EFB14 /* ItemSelectionView.swift */,
				34F292EB2CAD1CE3000EFB14 /* FruitItemsView.swift */,
				34F292ED2CAD1CFF000EFB14 /* SampleData.swift */,
				34F292EF2CAD1D18000EFB14 /* BasketManager.swift */,
				34F292F12CAD1D3D000EFB14 /* ListModel.swift */,
				34F292F32CAD1D59000EFB14 /* BasketSheetView.swift */,
				34F292F52CAD1D74000EFB14 /* plans.swift */,
				34F292F72CAD1D90000EFB14 /* CategoryCard.swift */,
				34F292F92CAD1DA8000EFB14 /* ListDetailView.swift */,
				34F292FB2CAD1DD8000EFB14 /* BudgetEntrySheet.swift */,
				34F292FD2CAD1DF3000EFB14 /* PlanDetailSheet.swift */,
				34F292FF2CAD1E0D000EFB14 /* PlanManager.swift */,
				34F293012CAD1E4A000EFB14 /* SavedPlansView.swift */,
			);
			path = GroceryApp;
			sourceTree = "<group>";
		};
		34AB4E732CAA6C720050FE42 /* Preview Content */ = {
			isa = PBXGroup;
			children = (
				34AB4E742CAA6C720050FE42 /* Preview Assets.xcassets */,
			);
			path = "Preview Content";
			sourceTree = "<group>";
		};
		34AB4E7D2CAA6C720050FE42 /* GroceryAppTests */ = {
			isa = PBXGroup;
			children = (
				34AB4E7E2CAA6C720050FE42 /* GroceryAppTests.swift */,
			);
			path = GroceryAppTests;
			sourceTree = "<group>";
		};
		34AB4E872CAA6C720050FE42 /* GroceryAppUITests */ = {
			isa = PBXGroup;
			children = (
				34AB4E882CAA6C720050FE42 /* GroceryAppUITests.swift */,
				34AB4E8A2CAA6C720050FE42 /* GroceryAppUITestsLaunchTests.swift */,
			);
			path = GroceryAppUITests;
			sourceTree = "<group>";
		};
/* End PBXGroup section */

/* Begin PBXNativeTarget section */
		34AB4E692CAA6C710050FE42 /* GroceryApp */ = {
			isa = PBXNativeTarget;
			buildConfigurationList = 34AB4E8E2CAA6C720050FE42 /* Build configuration list for PBXNativeTarget "GroceryApp" */;
			buildPhases = (
				34AB4E662CAA6C710050FE42 /* Sources */,
				34AB4E672CAA6C710050FE42 /* Frameworks */,
				34AB4E682CAA6C710050FE42 /* Resources */,
			);
			buildRules = (
			);
			dependencies = (
			);
			name = GroceryApp;
			productName = GroceryApp;
			productReference = 34AB4E6A2CAA6C710050FE42 /* GroceryApp.app */;
			productType = "com.apple.product-type.application";
		};
		34AB4E792CAA6C720050FE42 /* GroceryAppTests */ = {
			isa = PBXNativeTarget;
			buildConfigurationList = 34AB4E912CAA6C720050FE42 /* Build configuration list for PBXNativeTarget "GroceryAppTests" */;
			buildPhases = (
				34AB4E762CAA6C720050FE42 /* Sources */,
				34AB4E772CAA6C720050FE42 /* Frameworks */,
				34AB4E782CAA6C720050FE42 /* Resources */,
			);
			buildRules = (
			);
			dependencies = (
				34AB4E7C2CAA6C720050FE42 /* PBXTargetDependency */,
			);
			name = GroceryAppTests;
			productName = GroceryAppTests;
			productReference = 34AB4E7A2CAA6C720050FE42 /* GroceryAppTests.xctest */;
			productType = "com.apple.product-type.bundle.unit-test";
		};
		34AB4E832CAA6C720050FE42 /* GroceryAppUITests */ = {
			isa = PBXNativeTarget;
			buildConfigurationList = 34AB4E942CAA6C720050FE42 /* Build configuration list for PBXNativeTarget "GroceryAppUITests" */;
			buildPhases = (
				34AB4E802CAA6C720050FE42 /* Sources */,
				34AB4E812CAA6C720050FE42 /* Frameworks */,
				34AB4E822CAA6C720050FE42 /* Resources */,
			);
			buildRules = (
			);
			dependencies = (
				34AB4E862CAA6C720050FE42 /* PBXTargetDependency */,
			);
			name = GroceryAppUITests;
			productName = GroceryAppUITests;
			productReference = 34AB4E842CAA6C720050FE42 /* GroceryAppUITests.xctest */;
			productType = "com.apple.product-type.bundle.ui-testing";
		};
/* End PBXNativeTarget section */

/* Begin PBXProject section */
		34AB4E622CAA6C710050FE42 /* Project object */ = {
			isa = PBXProject;
			attributes = {
				BuildIndependentTargetsInParallel = 1;
				LastSwiftUpdateCheck = 1540;
				LastUpgradeCheck = 1540;
				TargetAttributes = {
					34AB4E692CAA6C710050FE42 = {
						CreatedOnToolsVersion = 15.4;
					};
					34AB4E792CAA6C720050FE42 = {
						CreatedOnToolsVersion = 15.4;
						TestTargetID = 34AB4E692CAA6C710050FE42;
					};
					34AB4E832CAA6C720050FE42 = {
						CreatedOnToolsVersion = 15.4;
						TestTargetID = 34AB4E692CAA6C710050FE42;
					};
				};
			};
			buildConfigurationList = 34AB4E652CAA6C710050FE42 /* Build configuration list for PBXProject "GroceryApp" */;
			compatibilityVersion = "Xcode 14.0";
			developmentRegion = en;
			hasScannedForEncodings = 0;
			knownRegions = (
				en,
				Base,
			);
			mainGroup = 34AB4E612CAA6C710050FE42;
			productRefGroup = 34AB4E6B2CAA6C710050FE42 /* Products */;
			projectDirPath = "";
			projectRoot = "";
			targets = (
				34AB4E692CAA6C710050FE42 /* GroceryApp */,
				34AB4E792CAA6C720050FE42 /* GroceryAppTests */,
				34AB4E832CAA6C720050FE42 /* GroceryAppUITests */,
			);
		};
/* End PBXProject section */

/* Begin PBXResourcesBuildPhase section */
		34AB4E682CAA6C710050FE42 /* Resources */ = {
			isa = PBXResourcesBuildPhase;
			buildActionMask = 2147483647;
			files = (
				34AB4E752CAA6C720050FE42 /* Preview Assets.xcassets in Resources */,
				34AB4E722CAA6C720050FE42 /* Assets.xcassets in Resources */,
			);
			runOnlyForDeploymentPostprocessing = 0;
		};
		34AB4E782CAA6C720050FE42 /* Resources */ = {
			isa = PBXResourcesBuildPhase;
			buildActionMask = 2147483647;
			files = (
			);
			runOnlyForDeploymentPostprocessing = 0;
		};
		34AB4E822CAA6C720050FE42 /* Resources */ = {
			isa = PBXResourcesBuildPhase;
			buildActionMask = 2147483647;
			files = (
			);
			runOnlyForDeploymentPostprocessing = 0;
		};
/* End PBXResourcesBuildPhase section */

/* Begin PBXSourcesBuildPhase section */
		34AB4E662CAA6C710050FE42 /* Sources */ = {
			isa = PBXSourcesBuildPhase;
			buildActionMask = 2147483647;
			files = (
				34AB4E702CAA6C710050FE42 /* ContentView.swift in Sources */,
				34F292FC2CAD1DD8000EFB14 /* BudgetEntrySheet.swift in Sources */,
				34F292F02CAD1D18000EFB14 /* BasketManager.swift in Sources */,
				34F293022CAD1E4A000EFB14 /* SavedPlansView.swift in Sources */,
				34F292E62CAD1C8A000EFB14 /* HomeView.swift in Sources */,
				34F293002CAD1E0D000EFB14 /* PlanManager.swift in Sources */,
				34F292EA2CAD1CC4000EFB14 /* ItemSelectionView.swift in Sources */,
				34F292F62CAD1D74000EFB14 /* plans.swift in Sources */,
				34F292EC2CAD1CE3000EFB14 /* FruitItemsView.swift in Sources */,
				34F292FE2CAD1DF3000EFB14 /* PlanDetailSheet.swift in Sources */,
				34F292F82CAD1D90000EFB14 /* CategoryCard.swift in Sources */,
				34F292F42CAD1D59000EFB14 /* BasketSheetView.swift in Sources */,
				34AB4E6E2CAA6C710050FE42 /* GroceryAppApp.swift in Sources */,
				34F292E42CAD1C6A000EFB14 /* FruitItem.swift in Sources */,
				34F292E82CAD1CAB000EFB14 /* MyListView.swift in Sources */,
				34F292EE2CAD1CFF000EFB14 /* SampleData.swift in Sources */,
				34F292F22CAD1D3D000EFB14 /* ListModel.swift in Sources */,
				34F292FA2CAD1DA8000EFB14 /* ListDetailView.swift in Sources */,
			);
			runOnlyForDeploymentPostprocessing = 0;
		};
		34AB4E762CAA6C720050FE42 /* Sources */ = {
			isa = PBXSourcesBuildPhase;
			buildActionMask = 2147483647;
			files = (
				34AB4E7F2CAA6C720050FE42 /* GroceryAppTests.swift in Sources */,
			);
			runOnlyForDeploymentPostprocessing = 0;
		};
		34AB4E802CAA6C720050FE42 /* Sources */ = {
			isa = PBXSourcesBuildPhase;
			buildActionMask = 2147483647;
			files = (
				34AB4E8B2CAA6C720050FE42 /* GroceryAppUITestsLaunchTests.swift in Sources */,
				34AB4E892CAA6C720050FE42 /* GroceryAppUITests.swift in Sources */,
			);
			runOnlyForDeploymentPostprocessing = 0;
		};
/* End PBXSourcesBuildPhase section */

/* Begin PBXTargetDependency section */
		34AB4E7C2CAA6C720050FE42 /* PBXTargetDependency */ = {
			isa = PBXTargetDependency;
			target = 34AB4E692CAA6C710050FE42 /* GroceryApp */;
			targetProxy = 34AB4E7B2CAA6C720050FE42 /* PBXContainerItemProxy */;
		};
		34AB4E862CAA6C720050FE42 /* PBXTargetDependency */ = {
			isa = PBXTargetDependency;
			target = 34AB4E692CAA6C710050FE42 /* GroceryApp */;
			targetProxy = 34AB4E852CAA6C720050FE42 /* PBXContainerItemProxy */;
		};
/* End PBXTargetDependency section */

/* Begin XCBuildConfiguration section */
		34AB4E8C2CAA6C720050FE42 /* Debug */ = {
			isa = XCBuildConfiguration;
			buildSettings = {
				ALWAYS_SEARCH_USER_PATHS = NO;
				ASSETCATALOG_COMPILER_GENERATE_SWIFT_ASSET_SYMBOL_EXTENSIONS = YES;
				CLANG_ANALYZER_NONNULL = YES;
				CLANG_ANALYZER_NUMBER_OBJECT_CONVERSION = YES_AGGRESSIVE;
				CLANG_CXX_LANGUAGE_STANDARD = "gnu++20";
				CLANG_ENABLE_MODULES = YES;
				CLANG_ENABLE_OBJC_ARC = YES;
				CLANG_ENABLE_OBJC_WEAK = YES;
				CLANG_WARN_BLOCK_CAPTURE_AUTORELEASING = YES;
				CLANG_WARN_BOOL_CONVERSION = YES;
				CLANG_WARN_COMMA = YES;
				CLANG_WARN_CONSTANT_CONVERSION = YES;
				CLANG_WARN_DEPRECATED_OBJC_IMPLEMENTATIONS = YES;
				CLANG_WARN_DIRECT_OBJC_ISA_USAGE = YES_ERROR;
				CLANG_WARN_DOCUMENTATION_COMMENTS = YES;
				CLANG_WARN_EMPTY_BODY = YES;
				CLANG_WARN_ENUM_CONVERSION = YES;
				CLANG_WARN_INFINITE_RECURSION = YES;
				CLANG_WARN_INT_CONVERSION = YES;
				CLANG_WARN_NON_LITERAL_NULL_CONVERSION = YES;
				CLANG_WARN_OBJC_IMPLICIT_RETAIN_SELF = YES;
				CLANG_WARN_OBJC_LITERAL_CONVERSION = YES;
				CLANG_WARN_OBJC_ROOT_CLASS = YES_ERROR;
				CLANG_WARN_QUOTED_INCLUDE_IN_FRAMEWORK_HEADER = YES;
				CLANG_WARN_RANGE_LOOP_ANALYSIS = YES;
				CLANG_WARN_STRICT_PROTOTYPES = YES;
				CLANG_WARN_SUSPICIOUS_MOVE = YES;
				CLANG_WARN_UNGUARDED_AVAILABILITY = YES_AGGRESSIVE;
				CLANG_WARN_UNREACHABLE_CODE = YES;
				CLANG_WARN__DUPLICATE_METHOD_MATCH = YES;
				COPY_PHASE_STRIP = NO;
				DEBUG_INFORMATION_FORMAT = dwarf;
				ENABLE_STRICT_OBJC_MSGSEND = YES;
				ENABLE_TESTABILITY = YES;
				ENABLE_USER_SCRIPT_SANDBOXING = YES;
				GCC_C_LANGUAGE_STANDARD = gnu17;
				GCC_DYNAMIC_NO_PIC = NO;
				GCC_NO_COMMON_BLOCKS = YES;
				GCC_OPTIMIZATION_LEVEL = 0;
				GCC_PREPROCESSOR_DEFINITIONS = (
					"DEBUG=1",
					"$(inherited)",
				);
				GCC_WARN_64_TO_32_BIT_CONVERSION = YES;
				GCC_WARN_ABOUT_RETURN_TYPE = YES_ERROR;
				GCC_WARN_UNDECLARED_SELECTOR = YES;
				GCC_WARN_UNINITIALIZED_AUTOS = YES_AGGRESSIVE;
				GCC_WARN_UNUSED_FUNCTION = YES;
				GCC_WARN_UNUSED_VARIABLE = YES;
				IPHONEOS_DEPLOYMENT_TARGET = 17.5;
				LOCALIZATION_PREFERS_STRING_CATALOGS = YES;
				MTL_ENABLE_DEBUG_INFO = INCLUDE_SOURCE;
				MTL_FAST_MATH = YES;
				ONLY_ACTIVE_ARCH = YES;
				SDKROOT = iphoneos;
				SWIFT_ACTIVE_COMPILATION_CONDITIONS = "DEBUG $(inherited)";
				SWIFT_OPTIMIZATION_LEVEL = "-Onone";
			};
			name = Debug;
		};
		34AB4E8D2CAA6C720050FE42 /* Release */ = {
			isa = XCBuildConfiguration;
			buildSettings = {
				ALWAYS_SEARCH_USER_PATHS = NO;
				ASSETCATALOG_COMPILER_GENERATE_SWIFT_ASSET_SYMBOL_EXTENSIONS = YES;
				CLANG_ANALYZER_NONNULL = YES;
				CLANG_ANALYZER_NUMBER_OBJECT_CONVERSION = YES_AGGRESSIVE;
				CLANG_CXX_LANGUAGE_STANDARD = "gnu++20";
				CLANG_ENABLE_MODULES = YES;
				CLANG_ENABLE_OBJC_ARC = YES;
				CLANG_ENABLE_OBJC_WEAK = YES;
				CLANG_WARN_BLOCK_CAPTURE_AUTORELEASING = YES;
				CLANG_WARN_BOOL_CONVERSION = YES;
				CLANG_WARN_COMMA = YES;
				CLANG_WARN_CONSTANT_CONVERSION = YES;
				CLANG_WARN_DEPRECATED_OBJC_IMPLEMENTATIONS = YES;
				CLANG_WARN_DIRECT_OBJC_ISA_USAGE = YES_ERROR;
				CLANG_WARN_DOCUMENTATION_COMMENTS = YES;
				CLANG_WARN_EMPTY_BODY = YES;
				CLANG_WARN_ENUM_CONVERSION = YES;
				CLANG_WARN_INFINITE_RECURSION = YES;
				CLANG_WARN_INT_CONVERSION = YES;
				CLANG_WARN_NON_LITERAL_NULL_CONVERSION = YES;
				CLANG_WARN_OBJC_IMPLICIT_RETAIN_SELF = YES;
				CLANG_WARN_OBJC_LITERAL_CONVERSION = YES;
				CLANG_WARN_OBJC_ROOT_CLASS = YES_ERROR;
				CLANG_WARN_QUOTED_INCLUDE_IN_FRAMEWORK_HEADER = YES;
				CLANG_WARN_RANGE_LOOP_ANALYSIS = YES;
				CLANG_WARN_STRICT_PROTOTYPES = YES;
				CLANG_WARN_SUSPICIOUS_MOVE = YES;
				CLANG_WARN_UNGUARDED_AVAILABILITY = YES_AGGRESSIVE;
				CLANG_WARN_UNREACHABLE_CODE = YES;
				CLANG_WARN__DUPLICATE_METHOD_MATCH = YES;
				COPY_PHASE_STRIP = NO;
				DEBUG_INFORMATION_FORMAT = "dwarf-with-dsym";
				ENABLE_NS_ASSERTIONS = NO;
				ENABLE_STRICT_OBJC_MSGSEND = YES;
				ENABLE_USER_SCRIPT_SANDBOXING = YES;
				GCC_C_LANGUAGE_STANDARD = gnu17;
				GCC_NO_COMMON_BLOCKS = YES;
				GCC_WARN_64_TO_32_BIT_CONVERSION = YES;
				GCC_WARN_ABOUT_RETURN_TYPE = YES_ERROR;
				GCC_WARN_UNDECLARED_SELECTOR = YES;
				GCC_WARN_UNINITIALIZED_AUTOS = YES_AGGRESSIVE;
				GCC_WARN_UNUSED_FUNCTION = YES;
				GCC_WARN_UNUSED_VARIABLE = YES;
				IPHONEOS_DEPLOYMENT_TARGET = 17.5;
				LOCALIZATION_PREFERS_STRING_CATALOGS = YES;
				MTL_ENABLE_DEBUG_INFO = NO;
				MTL_FAST_MATH = YES;
				SDKROOT = iphoneos;
				SWIFT_COMPILATION_MODE = wholemodule;
				VALIDATE_PRODUCT = YES;
			};
			name = Release;
		};
		34AB4E8F2CAA6C720050FE42 /* Debug */ = {
			isa = XCBuildConfiguration;
			buildSettings = {
				ASSETCATALOG_COMPILER_APPICON_NAME = AppIcon;
				ASSETCATALOG_COMPILER_GLOBAL_ACCENT_COLOR_NAME = AccentColor;
				CODE_SIGN_STYLE = Automatic;
				CURRENT_PROJECT_VERSION = 1;
				DEVELOPMENT_ASSET_PATHS = "\"GroceryApp/Preview Content\"";
				ENABLE_PREVIEWS = YES;
				GENERATE_INFOPLIST_FILE = YES;
				INFOPLIST_KEY_UIApplicationSceneManifest_Generation = YES;
				INFOPLIST_KEY_UIApplicationSupportsIndirectInputEvents = YES;
				INFOPLIST_KEY_UILaunchScreen_Generation = YES;
				INFOPLIST_KEY_UISupportedInterfaceOrientations_iPad = "UIInterfaceOrientationPortrait UIInterfaceOrientationPortraitUpsideDown UIInterfaceOrientationLandscapeLeft UIInterfaceOrientationLandscapeRight";
				INFOPLIST_KEY_UISupportedInterfaceOrientations_iPhone = "UIInterfaceOrientationPortrait UIInterfaceOrientationLandscapeLeft UIInterfaceOrientationLandscapeRight";
				LD_RUNPATH_SEARCH_PATHS = (
					"$(inherited)",
					"@executable_path/Frameworks",
				);
				MARKETING_VERSION = 1.0;
				PRODUCT_BUNDLE_IDENTIFIER = TWQ.GroceryApp;
				PRODUCT_NAME = "$(TARGET_NAME)";
				SWIFT_EMIT_LOC_STRINGS = YES;
				SWIFT_VERSION = 5.0;
				TARGETED_DEVICE_FAMILY = "1,2";
			};
			name = Debug;
		};
		34AB4E902CAA6C720050FE42 /* Release */ = {
			isa = XCBuildConfiguration;
			buildSettings = {
				ASSETCATALOG_COMPILER_APPICON_NAME = AppIcon;
				ASSETCATALOG_COMPILER_GLOBAL_ACCENT_COLOR_NAME = AccentColor;
				CODE_SIGN_STYLE = Automatic;
				CURRENT_PROJECT_VERSION = 1;
				DEVELOPMENT_ASSET_PATHS = "\"GroceryApp/Preview Content\"";
				ENABLE_PREVIEWS = YES;
				GENERATE_INFOPLIST_FILE = YES;
				INFOPLIST_KEY_UIApplicationSceneManifest_Generation = YES;
				INFOPLIST_KEY_UIApplicationSupportsIndirectInputEvents = YES;
				INFOPLIST_KEY_UILaunchScreen_Generation = YES;
				INFOPLIST_KEY_UISupportedInterfaceOrientations_iPad = "UIInterfaceOrientationPortrait UIInterfaceOrientationPortraitUpsideDown UIInterfaceOrientationLandscapeLeft UIInterfaceOrientationLandscapeRight";
				INFOPLIST_KEY_UISupportedInterfaceOrientations_iPhone = "UIInterfaceOrientationPortrait UIInterfaceOrientationLandscapeLeft UIInterfaceOrientationLandscapeRight";
				LD_RUNPATH_SEARCH_PATHS = (
					"$(inherited)",
					"@executable_path/Frameworks",
				);
				MARKETING_VERSION = 1.0;
				PRODUCT_BUNDLE_IDENTIFIER = TWQ.GroceryApp;
				PRODUCT_NAME = "$(TARGET_NAME)";
				SWIFT_EMIT_LOC_STRINGS = YES;
				SWIFT_VERSION = 5.0;
				TARGETED_DEVICE_FAMILY = "1,2";
			};
			name = Release;
		};
		34AB4E922CAA6C720050FE42 /* Debug */ = {
			isa = XCBuildConfiguration;
			buildSettings = {
				ALWAYS_EMBED_SWIFT_STANDARD_LIBRARIES = YES;
				BUNDLE_LOADER = "$(TEST_HOST)";
				CODE_SIGN_STYLE = Automatic;
				CURRENT_PROJECT_VERSION = 1;
				GENERATE_INFOPLIST_FILE = YES;
				IPHONEOS_DEPLOYMENT_TARGET = 17.5;
				MARKETING_VERSION = 1.0;
				PRODUCT_BUNDLE_IDENTIFIER = TWQ.GroceryAppTests;
				PRODUCT_NAME = "$(TARGET_NAME)";
				SWIFT_EMIT_LOC_STRINGS = NO;
				SWIFT_VERSION = 5.0;
				TARGETED_DEVICE_FAMILY = "1,2";
				TEST_HOST = "$(BUILT_PRODUCTS_DIR)/GroceryApp.app/$(BUNDLE_EXECUTABLE_FOLDER_PATH)/GroceryApp";
			};
			name = Debug;
		};
		34AB4E932CAA6C720050FE42 /* Release */ = {
			isa = XCBuildConfiguration;
			buildSettings = {
				ALWAYS_EMBED_SWIFT_STANDARD_LIBRARIES = YES;
				BUNDLE_LOADER = "$(TEST_HOST)";
				CODE_SIGN_STYLE = Automatic;
				CURRENT_PROJECT_VERSION = 1;
				GENERATE_INFOPLIST_FILE = YES;
				IPHONEOS_DEPLOYMENT_TARGET = 17.5;
				MARKETING_VERSION = 1.0;
				PRODUCT_BUNDLE_IDENTIFIER = TWQ.GroceryAppTests;
				PRODUCT_NAME = "$(TARGET_NAME)";
				SWIFT_EMIT_LOC_STRINGS = NO;
				SWIFT_VERSION = 5.0;
				TARGETED_DEVICE_FAMILY = "1,2";
				TEST_HOST = "$(BUILT_PRODUCTS_DIR)/GroceryApp.app/$(BUNDLE_EXECUTABLE_FOLDER_PATH)/GroceryApp";
			};
			name = Release;
		};
		34AB4E952CAA6C720050FE42 /* Debug */ = {
			isa = XCBuildConfiguration;
			buildSettings = {
				ALWAYS_EMBED_SWIFT_STANDARD_LIBRARIES = YES;
				CODE_SIGN_STYLE = Automatic;
				CURRENT_PROJECT_VERSION = 1;
				GENERATE_INFOPLIST_FILE = YES;
				MARKETING_VERSION = 1.0;
				PRODUCT_BUNDLE_IDENTIFIER = TWQ.GroceryAppUITests;
				PRODUCT_NAME = "$(TARGET_NAME)";
				SWIFT_EMIT_LOC_STRINGS = NO;
				SWIFT_VERSION = 5.0;
				TARGETED_DEVICE_FAMILY = "1,2";
				TEST_TARGET_NAME = GroceryApp;
			};
			name = Debug;
		};
		34AB4E962CAA6C720050FE42 /* Release */ = {
			isa = XCBuildConfiguration;
			buildSettings = {
				ALWAYS_EMBED_SWIFT_STANDARD_LIBRARIES = YES;
				CODE_SIGN_STYLE = Automatic;
				CURRENT_PROJECT_VERSION = 1;
				GENERATE_INFOPLIST_FILE = YES;
				MARKETING_VERSION = 1.0;
				PRODUCT_BUNDLE_IDENTIFIER = TWQ.GroceryAppUITests;
				PRODUCT_NAME = "$(TARGET_NAME)";
				SWIFT_EMIT_LOC_STRINGS = NO;
				SWIFT_VERSION = 5.0;
				TARGETED_DEVICE_FAMILY = "1,2";
				TEST_TARGET_NAME = GroceryApp;
			};
			name = Release;
		};
/* End XCBuildConfiguration section */

/* Begin XCConfigurationList section */
		34AB4E652CAA6C710050FE42 /* Build configuration list for PBXProject "GroceryApp" */ = {
			isa = XCConfigurationList;
			buildConfigurations = (
				34AB4E8C2CAA6C720050FE42 /* Debug */,
				34AB4E8D2CAA6C720050FE42 /* Release */,
			);
			defaultConfigurationIsVisible = 0;
			defaultConfigurationName = Release;
		};
		34AB4E8E2CAA6C720050FE42 /* Build configuration list for PBXNativeTarget "GroceryApp" */ = {
			isa = XCConfigurationList;
			buildConfigurations = (
				34AB4E8F2CAA6C720050FE42 /* Debug */,
				34AB4E902CAA6C720050FE42 /* Release */,
			);
			defaultConfigurationIsVisible = 0;
			defaultConfigurationName = Release;
		};
		34AB4E912CAA6C720050FE42 /* Build configuration list for PBXNativeTarget "GroceryAppTests" */ = {
			isa = XCConfigurationList;
			buildConfigurations = (
				34AB4E922CAA6C720050FE42 /* Debug */,
				34AB4E932CAA6C720050FE42 /* Release */,
			);
			defaultConfigurationIsVisible = 0;
			defaultConfigurationName = Release;
		};
		34AB4E942CAA6C720050FE42 /* Build configuration list for PBXNativeTarget "GroceryAppUITests" */ = {
			isa = XCConfigurationList;
			buildConfigurations = (
				34AB4E952CAA6C720050FE42 /* Debug */,
				34AB4E962CAA6C720050FE42 /* Release */,
			);
			defaultConfigurationIsVisible = 0;
			defaultConfigurationName = Release;
		};
/* End XCConfigurationList section */
	};
	rootObject = 34AB4E622CAA6C710050FE42 /* Project object */;
}
